
Microsoft Visual Studio Solution File, Format Version 12.00
# Visual Studio Version 17
VisualStudioVersion = 17.8.34511.84
MinimumVisualStudioVersion = 10.0.40219.1
Project("{8BC9CEB8-8B4A-11D0-8D11-00A0C91BC942}") = "Cấu trúc dữ liệu (Sorts)", "Cấu trúc dữ liệu (Sorts)\Cấu trúc dữ liệu (Sorts).vcxproj", "{12BA4E17-4E0B-447B-BAE9-98A4B5E13F2A}"
EndProject
Global
	GlobalSection(SolutionConfigurationPlatforms) = preSolution
		Debug|x64 = Debug|x64
		Debug|x86 = Debug|x86
		Release|x64 = Release|x64
		Release|x86 = Release|x86
	EndGlobalSection
	GlobalSection(ProjectConfigurationPlatforms) = postSolution
		{12BA4E17-4E0B-447B-BAE9-98A4B5E13F2A}.Debug|x64.ActiveCfg = Debug|x64
		{12BA4E17-4E0B-447B-BAE9-98A4B5E13F2A}.Debug|x64.Build.0 = Debug|x64
		{12BA4E17-4E0B-447B-BAE9-98A4B5E13F2A}.Debug|x86.ActiveCfg = Debug|Win32
		{12BA4E17-4E0B-447B-BAE9-98A4B5E13F2A}.Debug|x86.Build.0 = Debug|Win32
		{12BA4E17-4E0B-447B-BAE9-98A4B5E13F2A}.Release|x64.ActiveCfg = Release|x64
		{12BA4E17-4E0B-447B-BAE9-98A4B5E13F2A}.Release|x64.Build.0 = Release|x64
		{12BA4E17-4E0B-447B-BAE9-98A4B5E13F2A}.Release|x86.ActiveCfg = Release|Win32
		{12BA4E17-4E0B-447B-BAE9-98A4B5E13F2A}.Release|x86.Build.0 = Release|Win32
	EndGlobalSection
	GlobalSection(SolutionProperties) = preSolution
		HideSolutionNode = FALSE
	EndGlobalSection
	GlobalSection(ExtensibilityGlobals) = postSolution
		SolutionGuid = {29747B16-7611-4AE6-AC9C-1A82DD5DB90A}
	EndGlobalSection
EndGlobal
